// !$*UTF8*$!
{
	archiveVersion = 1;
	classes = {
	};
	objectVersion = 50;
	objects = {

/* Begin PBXBuildFile section */
		72CE71AD22EEDAF70045A18C /* AppDelegate.swift in Sources */ = {isa = PBXBuildFile; fileRef = 72CE71AC22EEDAF70045A18C /* AppDelegate.swift */; };
		72CE71B422EEDAF70045A18C /* Assets.xcassets in Resources */ = {isa = PBXBuildFile; fileRef = 72CE71B322EEDAF70045A18C /* Assets.xcassets */; };
		72CE71B722EEDAF70045A18C /* LaunchScreen.storyboard in Resources */ = {isa = PBXBuildFile; fileRef = 72CE71B522EEDAF70045A18C /* LaunchScreen.storyboard */; };
		72CE721622EEE9560045A18C /* FrameworkA.framework in Frameworks */ = {isa = PBXBuildFile; fileRef = 72CE721522EEE9560045A18C /* FrameworkA.framework */; };
		72CE721822EEE95A0045A18C /* FrameworkB.framework in Frameworks */ = {isa = PBXBuildFile; fileRef = 72CE721722EEE95A0045A18C /* FrameworkB.framework */; };
		72F51C7A22F2996C00A59CCC /* VCRoot.swift in Sources */ = {isa = PBXBuildFile; fileRef = 72F51C7922F2996C00A59CCC /* VCRoot.swift */; };
		72F51C7C22F299FF00A59CCC /* File.swift in Sources */ = {isa = PBXBuildFile; fileRef = 72F51C7B22F299FF00A59CCC /* File.swift */; };
/* End PBXBuildFile section */

/* Begin PBXFileReference section */
		72CE71A922EEDAF70045A18C /* VCCFortTest.app */ = {isa = PBXFileReference; explicitFileType = wrapper.application; includeInIndex = 0; path = VCCFortTest.app; sourceTree = BUILT_PRODUCTS_DIR; };
		72CE71AC22EEDAF70045A18C /* AppDelegate.swift */ = {isa = PBXFileReference; lastKnownFileType = sourcecode.swift; path = AppDelegate.swift; sourceTree = "<group>"; };
		72CE71B322EEDAF70045A18C /* Assets.xcassets */ = {isa = PBXFileReference; lastKnownFileType = folder.assetcatalog; path = Assets.xcassets; sourceTree = "<group>"; };
		72CE71B622EEDAF70045A18C /* Base */ = {isa = PBXFileReference; lastKnownFileType = file.storyboard; name = Base; path = Base.lproj/LaunchScreen.storyboard; sourceTree = "<group>"; };
		72CE71B822EEDAF70045A18C /* Info.plist */ = {isa = PBXFileReference; lastKnownFileType = text.plist.xml; path = Info.plist; sourceTree = "<group>"; };
		72CE71C522EEE6220045A18C /* CYVCA.framework */ = {isa = PBXFileReference; explicitFileType = wrapper.framework; path = CYVCA.framework; sourceTree = BUILT_PRODUCTS_DIR; };
		72CE71DE22EEE7250045A18C /* FrameworkA.framework */ = {isa = PBXFileReference; explicitFileType = wrapper.framework; path = FrameworkA.framework; sourceTree = BUILT_PRODUCTS_DIR; };
		72CE720D22EEE9050045A18C /* FrameworkA.framework */ = {isa = PBXFileReference; explicitFileType = wrapper.framework; path = FrameworkA.framework; sourceTree = BUILT_PRODUCTS_DIR; };
		72CE720F22EEE90F0045A18C /* FrameworkB.framework */ = {isa = PBXFileReference; explicitFileType = wrapper.framework; path = FrameworkB.framework; sourceTree = BUILT_PRODUCTS_DIR; };
		72CE721522EEE9560045A18C /* FrameworkA.framework */ = {isa = PBXFileReference; explicitFileType = wrapper.framework; path = FrameworkA.framework; sourceTree = BUILT_PRODUCTS_DIR; };
		72CE721722EEE95A0045A18C /* FrameworkB.framework */ = {isa = PBXFileReference; explicitFileType = wrapper.framework; path = FrameworkB.framework; sourceTree = BUILT_PRODUCTS_DIR; };
		72F51C7922F2996C00A59CCC /* VCRoot.swift */ = {isa = PBXFileReference; lastKnownFileType = sourcecode.swift; path = VCRoot.swift; sourceTree = "<group>"; };
		72F51C7B22F299FF00A59CCC /* File.swift */ = {isa = PBXFileReference; lastKnownFileType = sourcecode.swift; path = File.swift; sourceTree = "<group>"; };
/* End PBXFileReference section */

/* Begin PBXFrameworksBuildPhase section */
		72CE71A622EEDAF70045A18C /* Frameworks */ = {
			isa = PBXFrameworksBuildPhase;
			buildActionMask = 2147483647;
			files = (
				72CE721822EEE95A0045A18C /* FrameworkB.framework in Frameworks */,
				72CE721622EEE9560045A18C /* FrameworkA.framework in Frameworks */,
			);
			runOnlyForDeploymentPostprocessing = 0;
		};
/* End PBXFrameworksBuildPhase section */

/* Begin PBXGroup section */
		72CE71A022EEDAF70045A18C = {
			isa = PBXGroup;
			children = (
				72CE71AB22EEDAF70045A18C /* VCCFortTest */,
				72CE71AA22EEDAF70045A18C /* Products */,
				72CE71C422EEE6220045A18C /* Frameworks */,
			);
			sourceTree = "<group>";
		};
		72CE71AA22EEDAF70045A18C /* Products */ = {
			isa = PBXGroup;
			children = (
				72CE71A922EEDAF70045A18C /* VCCFortTest.app */,
			);
			name = Products;
			sourceTree = "<group>";
		};
		72CE71AB22EEDAF70045A18C /* VCCFortTest */ = {
			isa = PBXGroup;
			children = (
				72CE71AC22EEDAF70045A18C /* AppDelegate.swift */,
				72F51C7922F2996C00A59CCC /* VCRoot.swift */,
				72CE71B322EEDAF70045A18C /* Assets.xcassets */,
				72CE71B522EEDAF70045A18C /* LaunchScreen.storyboard */,
				72CE71B822EEDAF70045A18C /* Info.plist */,
				72F51C7B22F299FF00A59CCC /* File.swift */,
			);
			path = VCCFortTest;
			sourceTree = "<group>";
		};
		72CE71C422EEE6220045A18C /* Frameworks */ = {
			isa = PBXGroup;
			children = (
				72CE721722EEE95A0045A18C /* FrameworkB.framework */,
				72CE721522EEE9560045A18C /* FrameworkA.framework */,
				72CE720F22EEE90F0045A18C /* FrameworkB.framework */,
				72CE720D22EEE9050045A18C /* FrameworkA.framework */,
				72CE71DE22EEE7250045A18C /* FrameworkA.framework */,
				72CE71C522EEE6220045A18C /* CYVCA.framework */,
			);
			name = Frameworks;
			sourceTree = "<group>";
		};
/* End PBXGroup section */

/* Begin PBXNativeTarget section */
		72CE71A822EEDAF70045A18C /* VCCFortTest */ = {
			isa = PBXNativeTarget;
			buildConfigurationList = 72CE71BB22EEDAF70045A18C /* Build configuration list for PBXNativeTarget "VCCFortTest" */;
			buildPhases = (
				72CE71A522EEDAF70045A18C /* Sources */,
				72CE71A622EEDAF70045A18C /* Frameworks */,
				72CE71A722EEDAF70045A18C /* Resources */,
			);
			buildRules = (
			);
			dependencies = (
			);
			name = VCCFortTest;
			productName = VCCFortTest;
			productReference = 72CE71A922EEDAF70045A18C /* VCCFortTest.app */;
			productType = "com.apple.product-type.application";
		};
/* End PBXNativeTarget section */

/* Begin PBXProject section */
		72CE71A122EEDAF70045A18C /* Project object */ = {
			isa = PBXProject;
			attributes = {
				LastSwiftUpdateCheck = 1010;
				LastUpgradeCheck = 1010;
				ORGANIZATIONNAME = "Yuan Cao";
				TargetAttributes = {
					72CE71A822EEDAF70045A18C = {
						CreatedOnToolsVersion = 10.1;
					};
				};
			};
			buildConfigurationList = 72CE71A422EEDAF70045A18C /* Build configuration list for PBXProject "VCCFortTest" */;
			compatibilityVersion = "Xcode 9.3";
			developmentRegion = en;
			hasScannedForEncodings = 0;
			knownRegions = (
				en,
				Base,
			);
			mainGroup = 72CE71A022EEDAF70045A18C;
			productRefGroup = 72CE71AA22EEDAF70045A18C /* Products */;
			projectDirPath = "";
			projectRoot = "";
			targets = (
				72CE71A822EEDAF70045A18C /* VCCFortTest */,
			);
		};
/* End PBXProject section */

/* Begin PBXResourcesBuildPhase section */
		72CE71A722EEDAF70045A18C /* Resources */ = {
			isa = PBXResourcesBuildPhase;
			buildActionMask = 2147483647;
			files = (
				72CE71B722EEDAF70045A18C /* LaunchScreen.storyboard in Resources */,
				72CE71B422EEDAF70045A18C /* Assets.xcassets in Resources */,
			);
			runOnlyForDeploymentPostprocessing = 0;
		};
/* End PBXResourcesBuildPhase section */

/* Begin PBXSourcesBuildPhase section */
		72CE71A522EEDAF70045A18C /* Sources */ = {
			isa = PBXSourcesBuildPhase;
			buildActionMask = 2147483647;
			files = (
				72F51C7A22F2996C00A59CCC /* VCRoot.swift in Sources */,
				72F51C7C22F299FF00A59CCC /* File.swift in Sources */,
				72CE71AD22EEDAF70045A18C /* AppDelegate.swift in Sources */,
			);
			runOnlyForDeploymentPostprocessing = 0;
		};
/* End PBXSourcesBuildPhase section */

/* Begin PBXVariantGroup section */
		72CE71B522EEDAF70045A18C /* LaunchScreen.storyboard */ = {
			isa = PBXVariantGroup;
			children = (
				72CE71B622EEDAF70045A18C /* Base */,
			);
			name = LaunchScreen.storyboard;
			sourceTree = "<group>";
		};
/* End PBXVariantGroup section */

/* Begin XCBuildConfiguration section */
		72CE71B922EEDAF70045A18C /* Debug */ = {
			isa = XCBuildConfiguration;
			buildSettings = {
				ALWAYS_SEARCH_USER_PATHS = NO;
				CLANG_ANALYZER_NONNULL = YES;
				CLANG_ANALYZER_NUMBER_OBJECT_CONVERSION = YES_AGGRESSIVE;
				CLANG_CXX_LANGUAGE_STANDARD = "gnu++14";
				CLANG_CXX_LIBRARY = "libc++";
				CLANG_ENABLE_MODULES = YES;
				CLANG_ENABLE_OBJC_ARC = YES;
				CLANG_ENABLE_OBJC_WEAK = YES;
				CLANG_WARN_BLOCK_CAPTURE_AUTORELEASING = YES;
				CLANG_WARN_BOOL_CONVERSION = YES;
				CLANG_WARN_COMMA = YES;
				CLANG_WARN_CONSTANT_CONVERSION = YES;
				CLANG_WARN_DEPRECATED_OBJC_IMPLEMENTATIONS = YES;
				CLANG_WARN_DIRECT_OBJC_ISA_USAGE = YES_ERROR;
				CLANG_WARN_DOCUMENTATION_COMMENTS = YES;
				CLANG_WARN_EMPTY_BODY = YES;
				CLANG_WARN_ENUM_CONVERSION = YES;
				CLANG_WARN_INFINITE_RECURSION = YES;
				CLANG_WARN_INT_CONVERSION = YES;
				CLANG_WARN_NON_LITERAL_NULL_CONVERSION = YES;
				CLANG_WARN_OBJC_IMPLICIT_RETAIN_SELF = YES;
				CLANG_WARN_OBJC_LITERAL_CONVERSION = YES;
				CLANG_WARN_OBJC_ROOT_CLASS = YES_ERROR;
				CLANG_WARN_RANGE_LOOP_ANALYSIS = YES;
				CLANG_WARN_STRICT_PROTOTYPES = YES;
				CLANG_WARN_SUSPICIOUS_MOVE = YES;
				CLANG_WARN_UNGUARDED_AVAILABILITY = YES_AGGRESSIVE;
				CLANG_WARN_UNREACHABLE_CODE = YES;
				CLANG_WARN__DUPLICATE_METHOD_MATCH = YES;
				CODE_SIGN_IDENTITY = "iPhone Developer";
				COPY_PHASE_STRIP = NO;
				DEBUG_INFORMATION_FORMAT = dwarf;
				ENABLE_STRICT_OBJC_MSGSEND = YES;
				ENABLE_TESTABILITY = YES;
				GCC_C_LANGUAGE_STANDARD = gnu11;
				GCC_DYNAMIC_NO_PIC = NO;
				GCC_NO_COMMON_BLOCKS = YES;
				GCC_OPTIMIZATION_LEVEL = 0;
				GCC_PREPROCESSOR_DEFINITIONS = (
					"DEBUG=1",
					"$(inherited)",
				);
				GCC_WARN_64_TO_32_BIT_CONVERSION = YES;
				GCC_WARN_ABOUT_RETURN_TYPE = YES_ERROR;
				GCC_WARN_UNDECLARED_SELECTOR = YES;
				GCC_WARN_UNINITIALIZED_AUTOS = YES_AGGRESSIVE;
				GCC_WARN_UNUSED_FUNCTION = YES;
				GCC_WARN_UNUSED_VARIABLE = YES;
				IPHONEOS_DEPLOYMENT_TARGET = 12.1;
				MTL_ENABLE_DEBUG_INFO = INCLUDE_SOURCE;
				MTL_FAST_MATH = YES;
				ONLY_ACTIVE_ARCH = YES;
				SDKROOT = iphoneos;
				SWIFT_ACTIVE_COMPILATION_CONDITIONS = DEBUG;
				SWIFT_OPTIMIZATION_LEVEL = "-Onone";
			};
			name = Debug;
		};
		72CE71BA22EEDAF70045A18C /* Release */ = {
			isa = XCBuildConfiguration;
			buildSettings = {
				ALWAYS_SEARCH_USER_PATHS = NO;
				CLANG_ANALYZER_NONNULL = YES;
				CLANG_ANALYZER_NUMBER_OBJECT_CONVERSION = YES_AGGRESSIVE;
				CLANG_CXX_LANGUAGE_STANDARD = "gnu++14";
				CLANG_CXX_LIBRARY = "libc++";
				CLANG_ENABLE_MODULES = YES;
				CLANG_ENABLE_OBJC_ARC = YES;
				CLANG_ENABLE_OBJC_WEAK = YES;
				CLANG_WARN_BLOCK_CAPTURE_AUTORELEASING = YES;
				CLANG_WARN_BOOL_CONVERSION = YES;
				CLANG_WARN_COMMA = YES;
				CLANG_WARN_CONSTANT_CONVERSION = YES;
				CLANG_WARN_DEPRECATED_OBJC_IMPLEMENTATIONS = YES;
				CLANG_WARN_DIRECT_OBJC_ISA_USAGE = YES_ERROR;
				CLANG_WARN_DOCUMENTATION_COMMENTS = YES;
				CLANG_WARN_EMPTY_BODY = YES;
				CLANG_WARN_ENUM_CONVERSION = YES;
				CLANG_WARN_INFINITE_RECURSION = YES;
				CLANG_WARN_INT_CONVERSION = YES;
				CLANG_WARN_NON_LITERAL_NULL_CONVERSION = YES;
				CLANG_WARN_OBJC_IMPLICIT_RETAIN_SELF = YES;
				CLANG_WARN_OBJC_LITERAL_CONVERSION = YES;
				CLANG_WARN_OBJC_ROOT_CLASS = YES_ERROR;
				CLANG_WARN_RANGE_LOOP_ANALYSIS = YES;
				CLANG_WARN_STRICT_PROTOTYPES = YES;
				CLANG_WARN_SUSPICIOUS_MOVE = YES;
				CLANG_WARN_UNGUARDED_AVAILABILITY = YES_AGGRESSIVE;
				CLANG_WARN_UNREACHABLE_CODE = YES;
				CLANG_WARN__DUPLICATE_METHOD_MATCH = YES;
				CODE_SIGN_IDENTITY = "iPhone Developer";
				COPY_PHASE_STRIP = NO;
				DEBUG_INFORMATION_FORMAT = "dwarf-with-dsym";
				ENABLE_NS_ASSERTIONS = NO;
				ENABLE_STRICT_OBJC_MSGSEND = YES;
				GCC_C_LANGUAGE_STANDARD = gnu11;
				GCC_NO_COMMON_BLOCKS = YES;
				GCC_WARN_64_TO_32_BIT_CONVERSION = YES;
				GCC_WARN_ABOUT_RETURN_TYPE = YES_ERROR;
				GCC_WARN_UNDECLARED_SELECTOR = YES;
				GCC_WARN_UNINITIALIZED_AUTOS = YES_AGGRESSIVE;
				GCC_WARN_UNUSED_FUNCTION = YES;
				GCC_WARN_UNUSED_VARIABLE = YES;
				IPHONEOS_DEPLOYMENT_TARGET = 12.1;
				MTL_ENABLE_DEBUG_INFO = NO;
				MTL_FAST_MATH = YES;
				SDKROOT = iphoneos;
				SWIFT_COMPILATION_MODE = wholemodule;
				SWIFT_OPTIMIZATION_LEVEL = "-O";
				VALIDATE_PRODUCT = YES;
			};
			name = Release;
		};
		72CE71BC22EEDAF70045A18C /* Debug */ = {
			isa = XCBuildConfiguration;
			buildSettings = {
				ASSETCATALOG_COMPILER_APPICON_NAME = AppIcon;
				CODE_SIGN_STYLE = Automatic;
				INFOPLIST_FILE = VCCFortTest/Info.plist;
				LD_RUNPATH_SEARCH_PATHS = (
					"$(inherited)",
					"@executable_path/Frameworks",
				);
				PRODUCT_BUNDLE_IDENTIFIER = yuan.com.VCCFortTest;
				PRODUCT_NAME = "$(TARGET_NAME)";
				SWIFT_VERSION = 4.2;
				TARGETED_DEVICE_FAMILY = "1,2";
			};
			name = Debug;
		};
		72CE71BD22EEDAF70045A18C /* Release */ = {
			isa = XCBuildConfiguration;
			buildSettings = {
				ASSETCATALOG_COMPILER_APPICON_NAME = AppIcon;
				CODE_SIGN_STYLE = Automatic;
				INFOPLIST_FILE = VCCFortTest/Info.plist;
				LD_RUNPATH_SEARCH_PATHS = (
					"$(inherited)",
					"@executable_path/Frameworks",
				);
				PRODUCT_BUNDLE_IDENTIFIER = yuan.com.VCCFortTest;
				PRODUCT_NAME = "$(TARGET_NAME)";
				SWIFT_VERSION = 4.2;
				TARGETED_DEVICE_FAMILY = "1,2";
			};
			name = Release;
		};
/* End XCBuildConfiguration section */

/* Begin XCConfigurationList section */
		72CE71A422EEDAF70045A18C /* Build configuration list for PBXProject "VCCFortTest" */ = {
			isa = XCConfigurationList;
			buildConfigurations = (
				72CE71B922EEDAF70045A18C /* Debug */,
				72CE71BA22EEDAF70045A18C /* Release */,
			);
			defaultConfigurationIsVisible = 0;
			defaultConfigurationName = Release;
		};
		72CE71BB22EEDAF70045A18C /* Build configuration list for PBXNativeTarget "VCCFortTest" */ = {
			isa = XCConfigurationList;
			buildConfigurations = (
				72CE71BC22EEDAF70045A18C /* Debug */,
				72CE71BD22EEDAF70045A18C /* Release */,
			);
			defaultConfigurationIsVisible = 0;
			defaultConfigurationName = Release;
		};
/* End XCConfigurationList section */
	};
	rootObject = 72CE71A122EEDAF70045A18C /* Project object */;
}
